
Microsoft Visual Studio Solution File, Format Version 12.00
# Visual Studio Version 17
VisualStudioVersion = 17.8.34004.107
MinimumVisualStudioVersion = 10.0.40219.1
Project("{FAE04EC0-301F-11D3-BF4B-00C04F79EFBC}") = "BlazorApp", "BlazorApp\BlazorApp.csproj", "{FFC4A576-D525-4B5B-9A2F-8069FC08783D}"
EndProject
Global
	GlobalSection(SolutionConfigurationPlatforms) = preSolution
		Debug|Any CPU = Debug|Any CPU
		Release|Any CPU = Release|Any CPU
	EndGlobalSection
	GlobalSection(ProjectConfigurationPlatforms) = postSolution
		{FFC4A576-D525-4B5B-9A2F-8069FC08783D}.Debug|Any CPU.ActiveCfg = Debug|Any CPU
		{FFC4A576-D525-4B5B-9A2F-8069FC08783D}.Debug|Any CPU.Build.0 = Debug|Any CPU
		{FFC4A576-D525-4B5B-9A2F-8069FC08783D}.Release|Any CPU.ActiveCfg = Release|Any CPU
		{FFC4A576-D525-4B5B-9A2F-8069FC08783D}.Release|Any CPU.Build.0 = Release|Any CPU
	EndGlobalSection
	GlobalSection(SolutionProperties) = preSolution
		HideSolutionNode = FALSE
	EndGlobalSection
	GlobalSection(ExtensibilityGlobals) = postSolution
		SolutionGuid = {2C0CCB0A-C2A0-4544-9CB7-7FDFEC6C769F}
	EndGlobalSection
EndGlobal
